{
  "name": "frontend",
  "lockfileVersion": 3,
  "requires": true,
  "packages": {
    "": {
      "dependencies": {
        "@sentry/react": "^8.0.0"
      }
    },
    "node_modules/@sentry-internal/browser-utils": {
      "version": "8.55.2",
      "resolved": "https://registry.npmjs.org/@sentry-internal/browser-utils/-/browser-utils-8.55.2.tgz",
      "integrity": "sha512-GnKod+gL/Y+1FUM/RGV8q6le1CoyiGbT40MitEK7eVwWe+bfTRq1gN7ioupyHFMUg1RlQkDQ4/sENmio/uow5A==",
      "license": "MIT",
      "dependencies": {
        "@sentry/core": "8.55.2"
      },
      "engines": {
        "node": ">=14.18"
      }
    },
    "node_modules/@sentry-internal/feedback": {
      "version": "8.55.2",
      "resolved": "https://registry.npmjs.org/@sentry-internal/feedback/-/feedback-8.55.2.tgz",
      "integrity": "sha512-XQy//NWbL0mLLM5w8wNDWMNpXz39VUyW2397dUrH8++kR63WhUVAvTOtL0o0GMVadSAzl1b08oHP9zSUNFQwcg==",
      "license": "MIT",
      "dependencies": {
        "@sentry/core": "8.55.2"
      },
      "engines": {
        "node": ">=14.18"
      }
    },
    "node_modules/@sentry-internal/replay": {
      "version": "8.55.2",
      "resolved": "https://registry.npmjs.org/@sentry-internal/replay/-/replay-8.55.2.tgz",
      "integrity": "sha512-+W43Z697EVe/OgpGW07B773sa8xO1UbpnW0Cr+E+3FMDb6ZbXlaBUoagPTUkkQPdwBe35SDh6r8y2M3EOPGbxg==",
      "license": "MIT",
      "dependencies": {
        "@sentry-internal/browser-utils": "8.55.2",
        "@sentry/core": "8.55.2"
      },
      "engines": {
        "node": ">=14.18"
      }
    },
    "node_modules/@sentry-internal/replay-canvas": {
      "version": "8.55.2",
      "resolved": "https://registry.npmjs.org/@sentry-internal/replay-canvas/-/replay-canvas-8.55.2.tgz",
      "integrity": "sha512-P/jGiuR7dRLG9IzD/463fLgiibyYceauav/9prRG0ZxJm1AtuO02OKball2Fs3bbzdzwHCTlcsUuL2ivDF4b5A==",
      "license": "MIT",
      "dependencies": {
        "@sentry-internal/replay": "8.55.2",
        "@sentry/core": "8.55.2"
      },
      "engines": {
        "node": ">=14.18"
      }
    },
    "node_modules/@sentry/browser": {
      "version": "8.55.2",
      "resolved": "https://registry.npmjs.org/@sentry/browser/-/browser-8.55.2.tgz",
      "integrity": "sha512-xHuPIEKhx9zw5quWvv4YgZprnwoVMCfxIhmOIf6KJ9iizyUHeUDcKpLS59xERroqwX4RpvK+l/27AZu4zfZlzQ==",
      "license": "MIT",
      "dependencies": {
        "@sentry-internal/browser-utils": "8.55.2",
        "@sentry-internal/feedback": "8.55.2",
        "@sentry-internal/replay": "8.55.2",
        "@sentry-internal/replay-canvas": "8.55.2",
        "@sentry/core": "8.55.2"
      },
      "engines": {
        "node": ">=14.18"
      }
    },
    "node_modules/@sentry/core": {
      "version": "8.55.2",
      "resolved": "https://registry.npmjs.org/@sentry/core/-/core-8.55.2.tgz",
      "integrity": "sha512-YlEBwybUcOQ/KjMHDmof1vwweVnBtBxYlQp7DE3fOdtW4pqqdHWTnTntQs4VgYfxzjJYgtkd9LHlGtg8qy+JVQ==",
      "license": "MIT",
      "engines": {
        "node": ">=14.18"
      }
    },
    "node_modules/@sentry/react": {
      "version": "8.55.2",
      "resolved": "https://registry.npmjs.org/@sentry/react/-/react-8.55.2.tgz",
      "integrity": "sha512-1TPfKZYkJal2Dyt2W0tf1roOZmu7sqr6/dTqjdsuu2WgGTilMEreK26YqB8ROOYdMjkVJpNCcIKXQHyMp2eCwA==",
      "license": "MIT",
      "dependencies": {
        "@sentry/browser": "8.55.2",
        "@sentry/core": "8.55.2",
        "hoist-non-react-statics": "^3.3.2"
      },
      "engines": {
        "node": ">=14.18"
      },
      "peerDependencies": {
        "react": "^16.14.0 || 17.x || 18.x || 19.x"
      }
    },
    "node_modules/hoist-non-react-statics": {
      "version": "3.3.2",
      "resolved": "https://registry.npmjs.org/hoist-non-react-statics/-/hoist-non-react-statics-3.3.2.tgz",
      "integrity": "sha512-/gGivxi8JPKWNm/W0jSmzcMPpfpPLc3dY/6GxhX2hQ9iGj3aDfklV4ET7NjKpSinLpJ5vafa9iiGIEZg10SfBw==",
      "license": "BSD-3-Clause",
      "dependencies": {
        "react-is": "^16.7.0"
      }
    },
    "node_modules/react": {
      "version": "19.2.7",
      "resolved": "https://registry.npmjs.org/react/-/react-19.2.7.tgz",
      "integrity": "sha512-HNe9WslTbXmFK8o8cmwgAeJFSBvt1bPdHCVKtaaV+WlAN36mpT4hcRpwbf3fY56ar2oIXzsBpOAiIRHAdY0OlQ==",
      "license": "MIT",
      "peer": true,
      "engines": {
        "node": ">=0.10.0"
      }
    },
    "node_modules/react-is": {
      "version": "16.13.1",
      "resolved": "https://registry.npmjs.org/react-is/-/react-is-16.13.1.tgz",
      "integrity": "sha512-24e6ynE2H+OKt4kqsOvNd8kBpV65zoxbA4BVsEOB3ARVWQki/DHzaUoC5KuON/BiccDaCCTZBuOcfZs70kR8bQ==",
      "license": "MIT"
    }
  }
}
